
Microsoft Visual Studio Solution File, Format Version 12.00
# Visual Studio Version 16
VisualStudioVersion = 16.0.30330.147
MinimumVisualStudioVersion = 10.0.40219.1
Project("{FAE04EC0-301F-11D3-BF4B-00C04F79EFBC}") = "Competition", "Competition.csproj", "{E88455E7-B5AC-419F-ACF2-D4E7F2630A8D}"
EndProject
Project("{FAE04EC0-301F-11D3-BF4B-00C04F79EFBC}") = "CompetitorSetting", "..\CompetitorSetting\CompetitorSetting.csproj", "{063CA6C3-11BD-42DF-937B-096A61341FD2}"
EndProject
Project("{FAE04EC0-301F-11D3-BF4B-00C04F79EFBC}") = "CustomException", "..\CustomException\CustomException.csproj", "{5EBFA7AF-C093-452D-B6CB-283C7B9FBE9D}"
EndProject
Project("{FAE04EC0-301F-11D3-BF4B-00C04F79EFBC}") = "PrintLibrary", "..\PrintLibrary\PrintLibrary.csproj", "{821AFE62-84E7-4F0E-B928-5F21EBA8DED4}"
EndProject
Project("{FAE04EC0-301F-11D3-BF4B-00C04F79EFBC}") = "Program", "..\Program\Program.csproj", "{6A980CF1-AE0F-4A4F-9952-6EB4E5118659}"
EndProject
Global
	GlobalSection(SolutionConfigurationPlatforms) = preSolution
		Debug|Any CPU = Debug|Any CPU
		Release|Any CPU = Release|Any CPU
	EndGlobalSection
	GlobalSection(ProjectConfigurationPlatforms) = postSolution
		{E88455E7-B5AC-419F-ACF2-D4E7F2630A8D}.Debug|Any CPU.ActiveCfg = Debug|Any CPU
		{E88455E7-B5AC-419F-ACF2-D4E7F2630A8D}.Debug|Any CPU.Build.0 = Debug|Any CPU
		{E88455E7-B5AC-419F-ACF2-D4E7F2630A8D}.Release|Any CPU.ActiveCfg = Release|Any CPU
		{E88455E7-B5AC-419F-ACF2-D4E7F2630A8D}.Release|Any CPU.Build.0 = Release|Any CPU
		{063CA6C3-11BD-42DF-937B-096A61341FD2}.Debug|Any CPU.ActiveCfg = Debug|Any CPU
		{063CA6C3-11BD-42DF-937B-096A61341FD2}.Debug|Any CPU.Build.0 = Debug|Any CPU
		{063CA6C3-11BD-42DF-937B-096A61341FD2}.Release|Any CPU.ActiveCfg = Release|Any CPU
		{063CA6C3-11BD-42DF-937B-096A61341FD2}.Release|Any CPU.Build.0 = Release|Any CPU
		{5EBFA7AF-C093-452D-B6CB-283C7B9FBE9D}.Debug|Any CPU.ActiveCfg = Debug|Any CPU
		{5EBFA7AF-C093-452D-B6CB-283C7B9FBE9D}.Debug|Any CPU.Build.0 = Debug|Any CPU
		{5EBFA7AF-C093-452D-B6CB-283C7B9FBE9D}.Release|Any CPU.ActiveCfg = Release|Any CPU
		{5EBFA7AF-C093-452D-B6CB-283C7B9FBE9D}.Release|Any CPU.Build.0 = Release|Any CPU
		{821AFE62-84E7-4F0E-B928-5F21EBA8DED4}.Debug|Any CPU.ActiveCfg = Debug|Any CPU
		{821AFE62-84E7-4F0E-B928-5F21EBA8DED4}.Debug|Any CPU.Build.0 = Debug|Any CPU
		{821AFE62-84E7-4F0E-B928-5F21EBA8DED4}.Release|Any CPU.ActiveCfg = Release|Any CPU
		{821AFE62-84E7-4F0E-B928-5F21EBA8DED4}.Release|Any CPU.Build.0 = Release|Any CPU
		{6A980CF1-AE0F-4A4F-9952-6EB4E5118659}.Debug|Any CPU.ActiveCfg = Debug|Any CPU
		{6A980CF1-AE0F-4A4F-9952-6EB4E5118659}.Debug|Any CPU.Build.0 = Debug|Any CPU
		{6A980CF1-AE0F-4A4F-9952-6EB4E5118659}.Release|Any CPU.ActiveCfg = Release|Any CPU
		{6A980CF1-AE0F-4A4F-9952-6EB4E5118659}.Release|Any CPU.Build.0 = Release|Any CPU
	EndGlobalSection
	GlobalSection(SolutionProperties) = preSolution
		HideSolutionNode = FALSE
	EndGlobalSection
	GlobalSection(ExtensibilityGlobals) = postSolution
		SolutionGuid = {F181961B-6CF7-421E-B5D9-1504A70A0971}
	EndGlobalSection
EndGlobal
